
Microsoft Visual Studio Solution File, Format Version 12.00
# Visual Studio Version 17
VisualStudioVersion = 17.4.33213.308
MinimumVisualStudioVersion = 10.0.40219.1
Project("{FAE04EC0-301F-11D3-BF4B-00C04F79EFBC}") = "RandomFacilityEvents", "RandomFacilityEvents\RandomFacilityEvents.csproj", "{7C45FFD5-E74F-485F-AB30-87B76B011FBE}"
EndProject
Global
	GlobalSection(SolutionConfigurationPlatforms) = preSolution
		Debug|Any CPU = Debug|Any CPU
		Release|Any CPU = Release|Any CPU
	EndGlobalSection
	GlobalSection(ProjectConfigurationPlatforms) = postSolution
		{7C45FFD5-E74F-485F-AB30-87B76B011FBE}.Debug|Any CPU.ActiveCfg = Debug|Any CPU
		{7C45FFD5-E74F-485F-AB30-87B76B011FBE}.Debug|Any CPU.Build.0 = Debug|Any CPU
		{7C45FFD5-E74F-485F-AB30-87B76B011FBE}.Release|Any CPU.ActiveCfg = Release|Any CPU
		{7C45FFD5-E74F-485F-AB30-87B76B011FBE}.Release|Any CPU.Build.0 = Release|Any CPU
	EndGlobalSection
	GlobalSection(SolutionProperties) = preSolution
		HideSolutionNode = FALSE
	EndGlobalSection
	GlobalSection(ExtensibilityGlobals) = postSolution
		SolutionGuid = {82543589-CD69-436E-970F-8496AC01F0AE}
	EndGlobalSection
EndGlobal
